// !$*UTF8*$!
{
	archiveVersion = 1;
	classes = {
	};
	objectVersion = 50;
	objects = {

/* Begin PBXBuildFile section */
		2CDC95350BC4BFA38E5C1DEF /* Pods_Reciplease.framework in Frameworks */ = {isa = PBXBuildFile; fileRef = A65DEB557C775C7B3745FE84 /* Pods_Reciplease.framework */; };
		8B16412524180D8D0040EF74 /* AppDelegate.swift in Sources */ = {isa = PBXBuildFile; fileRef = 8B16412424180D8D0040EF74 /* AppDelegate.swift */; };
		8B16412724180D8D0040EF74 /* SceneDelegate.swift in Sources */ = {isa = PBXBuildFile; fileRef = 8B16412624180D8D0040EF74 /* SceneDelegate.swift */; };
		8B16412924180D8D0040EF74 /* ViewController.swift in Sources */ = {isa = PBXBuildFile; fileRef = 8B16412824180D8D0040EF74 /* ViewController.swift */; };
		8B16412C24180D8D0040EF74 /* Main.storyboard in Resources */ = {isa = PBXBuildFile; fileRef = 8B16412A24180D8D0040EF74 /* Main.storyboard */; };
		8B16412F24180D8D0040EF74 /* Reciplease.xcdatamodeld in Sources */ = {isa = PBXBuildFile; fileRef = 8B16412D24180D8D0040EF74 /* Reciplease.xcdatamodeld */; };
		8B16413124180D8F0040EF74 /* Assets.xcassets in Resources */ = {isa = PBXBuildFile; fileRef = 8B16413024180D8F0040EF74 /* Assets.xcassets */; };
		8B16413424180D8F0040EF74 /* LaunchScreen.storyboard in Resources */ = {isa = PBXBuildFile; fileRef = 8B16413224180D8F0040EF74 /* LaunchScreen.storyboard */; };
		8B16413F24180D900040EF74 /* RecipleaseTests.swift in Sources */ = {isa = PBXBuildFile; fileRef = 8B16413E24180D900040EF74 /* RecipleaseTests.swift */; };
		8B16414A24180D900040EF74 /* RecipleaseUITests.swift in Sources */ = {isa = PBXBuildFile; fileRef = 8B16414924180D900040EF74 /* RecipleaseUITests.swift */; };
		8F287ED5B2B9BCDEF1544B4B /* Pods_Reciplease_RecipleaseTests.framework in Frameworks */ = {isa = PBXBuildFile; fileRef = 9487D67095EC26D22193CD05 /* Pods_Reciplease_RecipleaseTests.framework */; };
/* End PBXBuildFile section */

/* Begin PBXContainerItemProxy section */
		8B16413B24180D900040EF74 /* PBXContainerItemProxy */ = {
			isa = PBXContainerItemProxy;
			containerPortal = 8B16411924180D8D0040EF74 /* Project object */;
			proxyType = 1;
			remoteGlobalIDString = 8B16412024180D8D0040EF74;
			remoteInfo = Reciplease;
		};
		8B16414624180D900040EF74 /* PBXContainerItemProxy */ = {
			isa = PBXContainerItemProxy;
			containerPortal = 8B16411924180D8D0040EF74 /* Project object */;
			proxyType = 1;
			remoteGlobalIDString = 8B16412024180D8D0040EF74;
			remoteInfo = Reciplease;
		};
/* End PBXContainerItemProxy section */

/* Begin PBXFileReference section */
		19AFE184D4D9BBA58735D9BA /* Pods-Reciplease.release.xcconfig */ = {isa = PBXFileReference; includeInIndex = 1; lastKnownFileType = text.xcconfig; name = "Pods-Reciplease.release.xcconfig"; path = "Pods/Target Support Files/Pods-Reciplease/Pods-Reciplease.release.xcconfig"; sourceTree = "<group>"; };
		3F1ED5501D17C2F0C36DE286 /* Pods-Reciplease-RecipleaseTests.release.xcconfig */ = {isa = PBXFileReference; includeInIndex = 1; lastKnownFileType = text.xcconfig; name = "Pods-Reciplease-RecipleaseTests.release.xcconfig"; path = "Pods/Target Support Files/Pods-Reciplease-RecipleaseTests/Pods-Reciplease-RecipleaseTests.release.xcconfig"; sourceTree = "<group>"; };
		4B2D6C9C0A65A053A7216998 /* Pods-Reciplease-RecipleaseTests.debug.xcconfig */ = {isa = PBXFileReference; includeInIndex = 1; lastKnownFileType = text.xcconfig; name = "Pods-Reciplease-RecipleaseTests.debug.xcconfig"; path = "Pods/Target Support Files/Pods-Reciplease-RecipleaseTests/Pods-Reciplease-RecipleaseTests.debug.xcconfig"; sourceTree = "<group>"; };
		8B16412124180D8D0040EF74 /* Reciplease.app */ = {isa = PBXFileReference; explicitFileType = wrapper.application; includeInIndex = 0; path = Reciplease.app; sourceTree = BUILT_PRODUCTS_DIR; };
		8B16412424180D8D0040EF74 /* AppDelegate.swift */ = {isa = PBXFileReference; lastKnownFileType = sourcecode.swift; path = AppDelegate.swift; sourceTree = "<group>"; };
		8B16412624180D8D0040EF74 /* SceneDelegate.swift */ = {isa = PBXFileReference; lastKnownFileType = sourcecode.swift; path = SceneDelegate.swift; sourceTree = "<group>"; };
		8B16412824180D8D0040EF74 /* ViewController.swift */ = {isa = PBXFileReference; lastKnownFileType = sourcecode.swift; path = ViewController.swift; sourceTree = "<group>"; };
		8B16412B24180D8D0040EF74 /* Base */ = {isa = PBXFileReference; lastKnownFileType = file.storyboard; name = Base; path = Base.lproj/Main.storyboard; sourceTree = "<group>"; };
		8B16412E24180D8D0040EF74 /* Reciplease.xcdatamodel */ = {isa = PBXFileReference; lastKnownFileType = wrapper.xcdatamodel; path = Reciplease.xcdatamodel; sourceTree = "<group>"; };
		8B16413024180D8F0040EF74 /* Assets.xcassets */ = {isa = PBXFileReference; lastKnownFileType = folder.assetcatalog; path = Assets.xcassets; sourceTree = "<group>"; };
		8B16413324180D8F0040EF74 /* Base */ = {isa = PBXFileReference; lastKnownFileType = file.storyboard; name = Base; path = Base.lproj/LaunchScreen.storyboard; sourceTree = "<group>"; };
		8B16413524180D8F0040EF74 /* Info.plist */ = {isa = PBXFileReference; lastKnownFileType = text.plist.xml; path = Info.plist; sourceTree = "<group>"; };
		8B16413A24180D900040EF74 /* RecipleaseTests.xctest */ = {isa = PBXFileReference; explicitFileType = wrapper.cfbundle; includeInIndex = 0; path = RecipleaseTests.xctest; sourceTree = BUILT_PRODUCTS_DIR; };
		8B16413E24180D900040EF74 /* RecipleaseTests.swift */ = {isa = PBXFileReference; lastKnownFileType = sourcecode.swift; path = RecipleaseTests.swift; sourceTree = "<group>"; };
		8B16414024180D900040EF74 /* Info.plist */ = {isa = PBXFileReference; lastKnownFileType = text.plist.xml; path = Info.plist; sourceTree = "<group>"; };
		8B16414524180D900040EF74 /* RecipleaseUITests.xctest */ = {isa = PBXFileReference; explicitFileType = wrapper.cfbundle; includeInIndex = 0; path = RecipleaseUITests.xctest; sourceTree = BUILT_PRODUCTS_DIR; };
		8B16414924180D900040EF74 /* RecipleaseUITests.swift */ = {isa = PBXFileReference; lastKnownFileType = sourcecode.swift; path = RecipleaseUITests.swift; sourceTree = "<group>"; };
		8B16414B24180D900040EF74 /* Info.plist */ = {isa = PBXFileReference; lastKnownFileType = text.plist.xml; path = Info.plist; sourceTree = "<group>"; };
		9487D67095EC26D22193CD05 /* Pods_Reciplease_RecipleaseTests.framework */ = {isa = PBXFileReference; explicitFileType = wrapper.framework; includeInIndex = 0; path = Pods_Reciplease_RecipleaseTests.framework; sourceTree = BUILT_PRODUCTS_DIR; };
		A65DEB557C775C7B3745FE84 /* Pods_Reciplease.framework */ = {isa = PBXFileReference; explicitFileType = wrapper.framework; includeInIndex = 0; path = Pods_Reciplease.framework; sourceTree = BUILT_PRODUCTS_DIR; };
		DCCF9EE7174792C7A6640801 /* Pods-Reciplease.debug.xcconfig */ = {isa = PBXFileReference; includeInIndex = 1; lastKnownFileType = text.xcconfig; name = "Pods-Reciplease.debug.xcconfig"; path = "Pods/Target Support Files/Pods-Reciplease/Pods-Reciplease.debug.xcconfig"; sourceTree = "<group>"; };
/* End PBXFileReference section */

/* Begin PBXFrameworksBuildPhase section */
		8B16411E24180D8D0040EF74 /* Frameworks */ = {
			isa = PBXFrameworksBuildPhase;
			buildActionMask = 2147483647;
			files = (
				2CDC95350BC4BFA38E5C1DEF /* Pods_Reciplease.framework in Frameworks */,
			);
			runOnlyForDeploymentPostprocessing = 0;
		};
		8B16413724180D900040EF74 /* Frameworks */ = {
			isa = PBXFrameworksBuildPhase;
			buildActionMask = 2147483647;
			files = (
				8F287ED5B2B9BCDEF1544B4B /* Pods_Reciplease_RecipleaseTests.framework in Frameworks */,
			);
			runOnlyForDeploymentPostprocessing = 0;
		};
		8B16414224180D900040EF74 /* Frameworks */ = {
			isa = PBXFrameworksBuildPhase;
			buildActionMask = 2147483647;
			files = (
			);
			runOnlyForDeploymentPostprocessing = 0;
		};
/* End PBXFrameworksBuildPhase section */

/* Begin PBXGroup section */
		405124045BADA10BF3D52D9E /* Pods */ = {
			isa = PBXGroup;
			children = (
				DCCF9EE7174792C7A6640801 /* Pods-Reciplease.debug.xcconfig */,
				19AFE184D4D9BBA58735D9BA /* Pods-Reciplease.release.xcconfig */,
				4B2D6C9C0A65A053A7216998 /* Pods-Reciplease-RecipleaseTests.debug.xcconfig */,
				3F1ED5501D17C2F0C36DE286 /* Pods-Reciplease-RecipleaseTests.release.xcconfig */,
			);
			name = Pods;
			sourceTree = "<group>";
		};
		8B16411824180D8D0040EF74 = {
			isa = PBXGroup;
			children = (
				8B16412324180D8D0040EF74 /* Reciplease */,
				8B16413D24180D900040EF74 /* RecipleaseTests */,
				8B16414824180D900040EF74 /* RecipleaseUITests */,
				8B16412224180D8D0040EF74 /* Products */,
				405124045BADA10BF3D52D9E /* Pods */,
				F81B75146BA5FF14CEDE7C4C /* Frameworks */,
			);
			sourceTree = "<group>";
		};
		8B16412224180D8D0040EF74 /* Products */ = {
			isa = PBXGroup;
			children = (
				8B16412124180D8D0040EF74 /* Reciplease.app */,
				8B16413A24180D900040EF74 /* RecipleaseTests.xctest */,
				8B16414524180D900040EF74 /* RecipleaseUITests.xctest */,
			);
			name = Products;
			sourceTree = "<group>";
		};
		8B16412324180D8D0040EF74 /* Reciplease */ = {
			isa = PBXGroup;
			children = (
				8B16412424180D8D0040EF74 /* AppDelegate.swift */,
				8B16412624180D8D0040EF74 /* SceneDelegate.swift */,
				8B16412824180D8D0040EF74 /* ViewController.swift */,
				8B16412A24180D8D0040EF74 /* Main.storyboard */,
				8B16413024180D8F0040EF74 /* Assets.xcassets */,
				8B16413224180D8F0040EF74 /* LaunchScreen.storyboard */,
				8B16413524180D8F0040EF74 /* Info.plist */,
				8B16412D24180D8D0040EF74 /* Reciplease.xcdatamodeld */,
			);
			path = Reciplease;
			sourceTree = "<group>";
		};
		8B16413D24180D900040EF74 /* RecipleaseTests */ = {
			isa = PBXGroup;
			children = (
				8B16413E24180D900040EF74 /* RecipleaseTests.swift */,
				8B16414024180D900040EF74 /* Info.plist */,
			);
			path = RecipleaseTests;
			sourceTree = "<group>";
		};
		8B16414824180D900040EF74 /* RecipleaseUITests */ = {
			isa = PBXGroup;
			children = (
				8B16414924180D900040EF74 /* RecipleaseUITests.swift */,
				8B16414B24180D900040EF74 /* Info.plist */,
			);
			path = RecipleaseUITests;
			sourceTree = "<group>";
		};
		F81B75146BA5FF14CEDE7C4C /* Frameworks */ = {
			isa = PBXGroup;
			children = (
				A65DEB557C775C7B3745FE84 /* Pods_Reciplease.framework */,
				9487D67095EC26D22193CD05 /* Pods_Reciplease_RecipleaseTests.framework */,
			);
			name = Frameworks;
			sourceTree = "<group>";
		};
/* End PBXGroup section */

/* Begin PBXNativeTarget section */
		8B16412024180D8D0040EF74 /* Reciplease */ = {
			isa = PBXNativeTarget;
			buildConfigurationList = 8B16414E24180D900040EF74 /* Build configuration list for PBXNativeTarget "Reciplease" */;
			buildPhases = (
				66A4C9D650F3531D8243EF0D /* [CP] Check Pods Manifest.lock */,
				8B16411D24180D8D0040EF74 /* Sources */,
				8B16411E24180D8D0040EF74 /* Frameworks */,
				8B16411F24180D8D0040EF74 /* Resources */,
			);
			buildRules = (
			);
			dependencies = (
			);
			name = Reciplease;
			productName = Reciplease;
			productReference = 8B16412124180D8D0040EF74 /* Reciplease.app */;
			productType = "com.apple.product-type.application";
		};
		8B16413924180D900040EF74 /* RecipleaseTests */ = {
			isa = PBXNativeTarget;
			buildConfigurationList = 8B16415124180D900040EF74 /* Build configuration list for PBXNativeTarget "RecipleaseTests" */;
			buildPhases = (
				3FE5C1E91C5468252CA69623 /* [CP] Check Pods Manifest.lock */,
				8B16413624180D900040EF74 /* Sources */,
				8B16413724180D900040EF74 /* Frameworks */,
				8B16413824180D900040EF74 /* Resources */,
				1E4B3F4C9F70B484BF6BEA8C /* [CP] Embed Pods Frameworks */,
			);
			buildRules = (
			);
			dependencies = (
				8B16413C24180D900040EF74 /* PBXTargetDependency */,
			);
			name = RecipleaseTests;
			productName = RecipleaseTests;
			productReference = 8B16413A24180D900040EF74 /* RecipleaseTests.xctest */;
			productType = "com.apple.product-type.bundle.unit-test";
		};
		8B16414424180D900040EF74 /* RecipleaseUITests */ = {
			isa = PBXNativeTarget;
			buildConfigurationList = 8B16415424180D900040EF74 /* Build configuration list for PBXNativeTarget "RecipleaseUITests" */;
			buildPhases = (
				8B16414124180D900040EF74 /* Sources */,
				8B16414224180D900040EF74 /* Frameworks */,
				8B16414324180D900040EF74 /* Resources */,
			);
			buildRules = (
			);
			dependencies = (
				8B16414724180D900040EF74 /* PBXTargetDependency */,
			);
			name = RecipleaseUITests;
			productName = RecipleaseUITests;
			productReference = 8B16414524180D900040EF74 /* RecipleaseUITests.xctest */;
			productType = "com.apple.product-type.bundle.ui-testing";
		};
/* End PBXNativeTarget section */

/* Begin PBXProject section */
		8B16411924180D8D0040EF74 /* Project object */ = {
			isa = PBXProject;
			attributes = {
				LastSwiftUpdateCheck = 1100;
				LastUpgradeCheck = 1100;
				ORGANIZATIONNAME = NatProd;
				TargetAttributes = {
					8B16412024180D8D0040EF74 = {
						CreatedOnToolsVersion = 11.0;
					};
					8B16413924180D900040EF74 = {
						CreatedOnToolsVersion = 11.0;
						TestTargetID = 8B16412024180D8D0040EF74;
					};
					8B16414424180D900040EF74 = {
						CreatedOnToolsVersion = 11.0;
						TestTargetID = 8B16412024180D8D0040EF74;
					};
				};
			};
			buildConfigurationList = 8B16411C24180D8D0040EF74 /* Build configuration list for PBXProject "Reciplease" */;
			compatibilityVersion = "Xcode 9.3";
			developmentRegion = en;
			hasScannedForEncodings = 0;
			knownRegions = (
				en,
				Base,
			);
			mainGroup = 8B16411824180D8D0040EF74;
			productRefGroup = 8B16412224180D8D0040EF74 /* Products */;
			projectDirPath = "";
			projectRoot = "";
			targets = (
				8B16412024180D8D0040EF74 /* Reciplease */,
				8B16413924180D900040EF74 /* RecipleaseTests */,
				8B16414424180D900040EF74 /* RecipleaseUITests */,
			);
		};
/* End PBXProject section */

/* Begin PBXResourcesBuildPhase section */
		8B16411F24180D8D0040EF74 /* Resources */ = {
			isa = PBXResourcesBuildPhase;
			buildActionMask = 2147483647;
			files = (
				8B16413424180D8F0040EF74 /* LaunchScreen.storyboard in Resources */,
				8B16413124180D8F0040EF74 /* Assets.xcassets in Resources */,
				8B16412C24180D8D0040EF74 /* Main.storyboard in Resources */,
			);
			runOnlyForDeploymentPostprocessing = 0;
		};
		8B16413824180D900040EF74 /* Resources */ = {
			isa = PBXResourcesBuildPhase;
			buildActionMask = 2147483647;
			files = (
			);
			runOnlyForDeploymentPostprocessing = 0;
		};
		8B16414324180D900040EF74 /* Resources */ = {
			isa = PBXResourcesBuildPhase;
			buildActionMask = 2147483647;
			files = (
			);
			runOnlyForDeploymentPostprocessing = 0;
		};
/* End PBXResourcesBuildPhase section */

/* Begin PBXShellScriptBuildPhase section */
		1E4B3F4C9F70B484BF6BEA8C /* [CP] Embed Pods Frameworks */ = {
			isa = PBXShellScriptBuildPhase;
			buildActionMask = 2147483647;
			files = (
			);
			inputPaths = (
				"${SRCROOT}/Pods/Target Support Files/Pods-Reciplease-RecipleaseTests/Pods-Reciplease-RecipleaseTests-frameworks.sh",
				"${BUILT_PRODUCTS_DIR}/Alamofire/Alamofire.framework",
			);
			name = "[CP] Embed Pods Frameworks";
			outputPaths = (
				"${TARGET_BUILD_DIR}/${FRAMEWORKS_FOLDER_PATH}/Alamofire.framework",
			);
			runOnlyForDeploymentPostprocessing = 0;
			shellPath = /bin/sh;
			shellScript = "\"${SRCROOT}/Pods/Target Support Files/Pods-Reciplease-RecipleaseTests/Pods-Reciplease-RecipleaseTests-frameworks.sh\"\n";
			showEnvVarsInLog = 0;
		};
		3FE5C1E91C5468252CA69623 /* [CP] Check Pods Manifest.lock */ = {
			isa = PBXShellScriptBuildPhase;
			buildActionMask = 2147483647;
			files = (
			);
			inputPaths = (
				"${PODS_PODFILE_DIR_PATH}/Podfile.lock",
				"${PODS_ROOT}/Manifest.lock",
			);
			name = "[CP] Check Pods Manifest.lock";
			outputPaths = (
				"$(DERIVED_FILE_DIR)/Pods-Reciplease-RecipleaseTests-checkManifestLockResult.txt",
			);
			runOnlyForDeploymentPostprocessing = 0;
			shellPath = /bin/sh;
			shellScript = "diff \"${PODS_PODFILE_DIR_PATH}/Podfile.lock\" \"${PODS_ROOT}/Manifest.lock\" > /dev/null\nif [ $? != 0 ] ; then\n    # print error to STDERR\n    echo \"error: The sandbox is not in sync with the Podfile.lock. Run 'pod install' or update your CocoaPods installation.\" >&2\n    exit 1\nfi\n# This output is used by Xcode 'outputs' to avoid re-running this script phase.\necho \"SUCCESS\" > \"${SCRIPT_OUTPUT_FILE_0}\"\n";
			showEnvVarsInLog = 0;
		};
		66A4C9D650F3531D8243EF0D /* [CP] Check Pods Manifest.lock */ = {
			isa = PBXShellScriptBuildPhase;
			buildActionMask = 2147483647;
			files = (
			);
			inputPaths = (
				"${PODS_PODFILE_DIR_PATH}/Podfile.lock",
				"${PODS_ROOT}/Manifest.lock",
			);
			name = "[CP] Check Pods Manifest.lock";
			outputPaths = (
				"$(DERIVED_FILE_DIR)/Pods-Reciplease-checkManifestLockResult.txt",
			);
			runOnlyForDeploymentPostprocessing = 0;
			shellPath = /bin/sh;
			shellScript = "diff \"${PODS_PODFILE_DIR_PATH}/Podfile.lock\" \"${PODS_ROOT}/Manifest.lock\" > /dev/null\nif [ $? != 0 ] ; then\n    # print error to STDERR\n    echo \"error: The sandbox is not in sync with the Podfile.lock. Run 'pod install' or update your CocoaPods installation.\" >&2\n    exit 1\nfi\n# This output is used by Xcode 'outputs' to avoid re-running this script phase.\necho \"SUCCESS\" > \"${SCRIPT_OUTPUT_FILE_0}\"\n";
			showEnvVarsInLog = 0;
		};
/* End PBXShellScriptBuildPhase section */

/* Begin PBXSourcesBuildPhase section */
		8B16411D24180D8D0040EF74 /* Sources */ = {
			isa = PBXSourcesBuildPhase;
			buildActionMask = 2147483647;
			files = (
				8B16412F24180D8D0040EF74 /* Reciplease.xcdatamodeld in Sources */,
				8B16412924180D8D0040EF74 /* ViewController.swift in Sources */,
				8B16412524180D8D0040EF74 /* AppDelegate.swift in Sources */,
				8B16412724180D8D0040EF74 /* SceneDelegate.swift in Sources */,
			);
			runOnlyForDeploymentPostprocessing = 0;
		};
		8B16413624180D900040EF74 /* Sources */ = {
			isa = PBXSourcesBuildPhase;
			buildActionMask = 2147483647;
			files = (
				8B16413F24180D900040EF74 /* RecipleaseTests.swift in Sources */,
			);
			runOnlyForDeploymentPostprocessing = 0;
		};
		8B16414124180D900040EF74 /* Sources */ = {
			isa = PBXSourcesBuildPhase;
			buildActionMask = 2147483647;
			files = (
				8B16414A24180D900040EF74 /* RecipleaseUITests.swift in Sources */,
			);
			runOnlyForDeploymentPostprocessing = 0;
		};
/* End PBXSourcesBuildPhase section */

/* Begin PBXTargetDependency section */
		8B16413C24180D900040EF74 /* PBXTargetDependency */ = {
			isa = PBXTargetDependency;
			target = 8B16412024180D8D0040EF74 /* Reciplease */;
			targetProxy = 8B16413B24180D900040EF74 /* PBXContainerItemProxy */;
		};
		8B16414724180D900040EF74 /* PBXTargetDependency */ = {
			isa = PBXTargetDependency;
			target = 8B16412024180D8D0040EF74 /* Reciplease */;
			targetProxy = 8B16414624180D900040EF74 /* PBXContainerItemProxy */;
		};
/* End PBXTargetDependency section */

/* Begin PBXVariantGroup section */
		8B16412A24180D8D0040EF74 /* Main.storyboard */ = {
			isa = PBXVariantGroup;
			children = (
				8B16412B24180D8D0040EF74 /* Base */,
			);
			name = Main.storyboard;
			sourceTree = "<group>";
		};
		8B16413224180D8F0040EF74 /* LaunchScreen.storyboard */ = {
			isa = PBXVariantGroup;
			children = (
				8B16413324180D8F0040EF74 /* Base */,
			);
			name = LaunchScreen.storyboard;
			sourceTree = "<group>";
		};
/* End PBXVariantGroup section */

/* Begin XCBuildConfiguration section */
		8B16414C24180D900040EF74 /* Debug */ = {
			isa = XCBuildConfiguration;
			buildSettings = {
				ALWAYS_SEARCH_USER_PATHS = NO;
				CLANG_ANALYZER_NONNULL = YES;
				CLANG_ANALYZER_NUMBER_OBJECT_CONVERSION = YES_AGGRESSIVE;
				CLANG_CXX_LANGUAGE_STANDARD = "gnu++14";
				CLANG_CXX_LIBRARY = "libc++";
				CLANG_ENABLE_MODULES = YES;
				CLANG_ENABLE_OBJC_ARC = YES;
				CLANG_ENABLE_OBJC_WEAK = YES;
				CLANG_WARN_BLOCK_CAPTURE_AUTORELEASING = YES;
				CLANG_WARN_BOOL_CONVERSION = YES;
				CLANG_WARN_COMMA = YES;
				CLANG_WARN_CONSTANT_CONVERSION = YES;
				CLANG_WARN_DEPRECATED_OBJC_IMPLEMENTATIONS = YES;
				CLANG_WARN_DIRECT_OBJC_ISA_USAGE = YES_ERROR;
				CLANG_WARN_DOCUMENTATION_COMMENTS = YES;
				CLANG_WARN_EMPTY_BODY = YES;
				CLANG_WARN_ENUM_CONVERSION = YES;
				CLANG_WARN_INFINITE_RECURSION = YES;
				CLANG_WARN_INT_CONVERSION = YES;
				CLANG_WARN_NON_LITERAL_NULL_CONVERSION = YES;
				CLANG_WARN_OBJC_IMPLICIT_RETAIN_SELF = YES;
				CLANG_WARN_OBJC_LITERAL_CONVERSION = YES;
				CLANG_WARN_OBJC_ROOT_CLASS = YES_ERROR;
				CLANG_WARN_RANGE_LOOP_ANALYSIS = YES;
				CLANG_WARN_STRICT_PROTOTYPES = YES;
				CLANG_WARN_SUSPICIOUS_MOVE = YES;
				CLANG_WARN_UNGUARDED_AVAILABILITY = YES_AGGRESSIVE;
				CLANG_WARN_UNREACHABLE_CODE = YES;
				CLANG_WARN__DUPLICATE_METHOD_MATCH = YES;
				COPY_PHASE_STRIP = NO;
				DEBUG_INFORMATION_FORMAT = dwarf;
				ENABLE_STRICT_OBJC_MSGSEND = YES;
				ENABLE_TESTABILITY = YES;
				GCC_C_LANGUAGE_STANDARD = gnu11;
				GCC_DYNAMIC_NO_PIC = NO;
				GCC_NO_COMMON_BLOCKS = YES;
				GCC_OPTIMIZATION_LEVEL = 0;
				GCC_PREPROCESSOR_DEFINITIONS = (
					"DEBUG=1",
					"$(inherited)",
				);
				GCC_WARN_64_TO_32_BIT_CONVERSION = YES;
				GCC_WARN_ABOUT_RETURN_TYPE = YES_ERROR;
				GCC_WARN_UNDECLARED_SELECTOR = YES;
				GCC_WARN_UNINITIALIZED_AUTOS = YES_AGGRESSIVE;
				GCC_WARN_UNUSED_FUNCTION = YES;
				GCC_WARN_UNUSED_VARIABLE = YES;
				IPHONEOS_DEPLOYMENT_TARGET = 13.0;
				MTL_ENABLE_DEBUG_INFO = INCLUDE_SOURCE;
				MTL_FAST_MATH = YES;
				ONLY_ACTIVE_ARCH = YES;
				SDKROOT = iphoneos;
				SWIFT_ACTIVE_COMPILATION_CONDITIONS = DEBUG;
				SWIFT_OPTIMIZATION_LEVEL = "-Onone";
			};
			name = Debug;
		};
		8B16414D24180D900040EF74 /* Release */ = {
			isa = XCBuildConfiguration;
			buildSettings = {
				ALWAYS_SEARCH_USER_PATHS = NO;
				CLANG_ANALYZER_NONNULL = YES;
				CLANG_ANALYZER_NUMBER_OBJECT_CONVERSION = YES_AGGRESSIVE;
				CLANG_CXX_LANGUAGE_STANDARD = "gnu++14";
				CLANG_CXX_LIBRARY = "libc++";
				CLANG_ENABLE_MODULES = YES;
				CLANG_ENABLE_OBJC_ARC = YES;
				CLANG_ENABLE_OBJC_WEAK = YES;
				CLANG_WARN_BLOCK_CAPTURE_AUTORELEASING = YES;
				CLANG_WARN_BOOL_CONVERSION = YES;
				CLANG_WARN_COMMA = YES;
				CLANG_WARN_CONSTANT_CONVERSION = YES;
				CLANG_WARN_DEPRECATED_OBJC_IMPLEMENTATIONS = YES;
				CLANG_WARN_DIRECT_OBJC_ISA_USAGE = YES_ERROR;
				CLANG_WARN_DOCUMENTATION_COMMENTS = YES;
				CLANG_WARN_EMPTY_BODY = YES;
				CLANG_WARN_ENUM_CONVERSION = YES;
				CLANG_WARN_INFINITE_RECURSION = YES;
				CLANG_WARN_INT_CONVERSION = YES;
				CLANG_WARN_NON_LITERAL_NULL_CONVERSION = YES;
				CLANG_WARN_OBJC_IMPLICIT_RETAIN_SELF = YES;
				CLANG_WARN_OBJC_LITERAL_CONVERSION = YES;
				CLANG_WARN_OBJC_ROOT_CLASS = YES_ERROR;
				CLANG_WARN_RANGE_LOOP_ANALYSIS = YES;
				CLANG_WARN_STRICT_PROTOTYPES = YES;
				CLANG_WARN_SUSPICIOUS_MOVE = YES;
				CLANG_WARN_UNGUARDED_AVAILABILITY = YES_AGGRESSIVE;
				CLANG_WARN_UNREACHABLE_CODE = YES;
				CLANG_WARN__DUPLICATE_METHOD_MATCH = YES;
				COPY_PHASE_STRIP = NO;
				DEBUG_INFORMATION_FORMAT = "dwarf-with-dsym";
				ENABLE_NS_ASSERTIONS = NO;
				ENABLE_STRICT_OBJC_MSGSEND = YES;
				GCC_C_LANGUAGE_STANDARD = gnu11;
				GCC_NO_COMMON_BLOCKS = YES;
				GCC_WARN_64_TO_32_BIT_CONVERSION = YES;
				GCC_WARN_ABOUT_RETURN_TYPE = YES_ERROR;
				GCC_WARN_UNDECLARED_SELECTOR = YES;
				GCC_WARN_UNINITIALIZED_AUTOS = YES_AGGRESSIVE;
				GCC_WARN_UNUSED_FUNCTION = YES;
				GCC_WARN_UNUSED_VARIABLE = YES;
				IPHONEOS_DEPLOYMENT_TARGET = 13.0;
				MTL_ENABLE_DEBUG_INFO = NO;
				MTL_FAST_MATH = YES;
				SDKROOT = iphoneos;
				SWIFT_COMPILATION_MODE = wholemodule;
				SWIFT_OPTIMIZATION_LEVEL = "-O";
				VALIDATE_PRODUCT = YES;
			};
			name = Release;
		};
		8B16414F24180D900040EF74 /* Debug */ = {
			isa = XCBuildConfiguration;
			baseConfigurationReference = DCCF9EE7174792C7A6640801 /* Pods-Reciplease.debug.xcconfig */;
			buildSettings = {
				ASSETCATALOG_COMPILER_APPICON_NAME = AppIcon;
				CODE_SIGN_STYLE = Automatic;
				DEVELOPMENT_TEAM = 73HJ4V6TMH;
				INFOPLIST_FILE = Reciplease/Info.plist;
				LD_RUNPATH_SEARCH_PATHS = (
					"$(inherited)",
					"@executable_path/Frameworks",
				);
				PRODUCT_BUNDLE_IDENTIFIER = com.NatProd.Reciplease;
				PRODUCT_NAME = "$(TARGET_NAME)";
				SWIFT_VERSION = 5.0;
				TARGETED_DEVICE_FAMILY = "1,2";
			};
			name = Debug;
		};
		8B16415024180D900040EF74 /* Release */ = {
			isa = XCBuildConfiguration;
			baseConfigurationReference = 19AFE184D4D9BBA58735D9BA /* Pods-Reciplease.release.xcconfig */;
			buildSettings = {
				ASSETCATALOG_COMPILER_APPICON_NAME = AppIcon;
				CODE_SIGN_STYLE = Automatic;
				DEVELOPMENT_TEAM = 73HJ4V6TMH;
				INFOPLIST_FILE = Reciplease/Info.plist;
				LD_RUNPATH_SEARCH_PATHS = (
					"$(inherited)",
					"@executable_path/Frameworks",
				);
				PRODUCT_BUNDLE_IDENTIFIER = com.NatProd.Reciplease;
				PRODUCT_NAME = "$(TARGET_NAME)";
				SWIFT_VERSION = 5.0;
				TARGETED_DEVICE_FAMILY = "1,2";
			};
			name = Release;
		};
		8B16415224180D900040EF74 /* Debug */ = {
			isa = XCBuildConfiguration;
			baseConfigurationReference = 4B2D6C9C0A65A053A7216998 /* Pods-Reciplease-RecipleaseTests.debug.xcconfig */;
			buildSettings = {
				ALWAYS_EMBED_SWIFT_STANDARD_LIBRARIES = YES;
				BUNDLE_LOADER = "$(TEST_HOST)";
				CODE_SIGN_STYLE = Automatic;
				DEVELOPMENT_TEAM = 73HJ4V6TMH;
				INFOPLIST_FILE = RecipleaseTests/Info.plist;
				IPHONEOS_DEPLOYMENT_TARGET = 13.0;
				LD_RUNPATH_SEARCH_PATHS = (
					"$(inherited)",
					"@executable_path/Frameworks",
					"@loader_path/Frameworks",
				);
				PRODUCT_BUNDLE_IDENTIFIER = com.NatProd.RecipleaseTests;
				PRODUCT_NAME = "$(TARGET_NAME)";
				SWIFT_VERSION = 5.0;
				TARGETED_DEVICE_FAMILY = "1,2";
				TEST_HOST = "$(BUILT_PRODUCTS_DIR)/Reciplease.app/Reciplease";
			};
			name = Debug;
		};
		8B16415324180D900040EF74 /* Release */ = {
			isa = XCBuildConfiguration;
			baseConfigurationReference = 3F1ED5501D17C2F0C36DE286 /* Pods-Reciplease-RecipleaseTests.release.xcconfig */;
			buildSettings = {
				ALWAYS_EMBED_SWIFT_STANDARD_LIBRARIES = YES;
				BUNDLE_LOADER = "$(TEST_HOST)";
				CODE_SIGN_STYLE = Automatic;
				DEVELOPMENT_TEAM = 73HJ4V6TMH;
				INFOPLIST_FILE = RecipleaseTests/Info.plist;
				IPHONEOS_DEPLOYMENT_TARGET = 13.0;
				LD_RUNPATH_SEARCH_PATHS = (
					"$(inherited)",
					"@executable_path/Frameworks",
					"@loader_path/Frameworks",
				);
				PRODUCT_BUNDLE_IDENTIFIER = com.NatProd.RecipleaseTests;
				PRODUCT_NAME = "$(TARGET_NAME)";
				SWIFT_VERSION = 5.0;
				TARGETED_DEVICE_FAMILY = "1,2";
				TEST_HOST = "$(BUILT_PRODUCTS_DIR)/Reciplease.app/Reciplease";
			};
			name = Release;
		};
		8B16415524180D900040EF74 /* Debug */ = {
			isa = XCBuildConfiguration;
			buildSettings = {
				ALWAYS_EMBED_SWIFT_STANDARD_LIBRARIES = YES;
				CODE_SIGN_STYLE = Automatic;
				DEVELOPMENT_TEAM = 73HJ4V6TMH;
				INFOPLIST_FILE = RecipleaseUITests/Info.plist;
				LD_RUNPATH_SEARCH_PATHS = (
					"$(inherited)",
					"@executable_path/Frameworks",
					"@loader_path/Frameworks",
				);
				PRODUCT_BUNDLE_IDENTIFIER = com.NatProd.RecipleaseUITests;
				PRODUCT_NAME = "$(TARGET_NAME)";
				SWIFT_VERSION = 5.0;
				TARGETED_DEVICE_FAMILY = "1,2";
				TEST_TARGET_NAME = Reciplease;
			};
			name = Debug;
		};
		8B16415624180D900040EF74 /* Release */ = {
			isa = XCBuildConfiguration;
			buildSettings = {
				ALWAYS_EMBED_SWIFT_STANDARD_LIBRARIES = YES;
				CODE_SIGN_STYLE = Automatic;
				DEVELOPMENT_TEAM = 73HJ4V6TMH;
				INFOPLIST_FILE = RecipleaseUITests/Info.plist;
				LD_RUNPATH_SEARCH_PATHS = (
					"$(inherited)",
					"@executable_path/Frameworks",
					"@loader_path/Frameworks",
				);
				PRODUCT_BUNDLE_IDENTIFIER = com.NatProd.RecipleaseUITests;
				PRODUCT_NAME = "$(TARGET_NAME)";
				SWIFT_VERSION = 5.0;
				TARGETED_DEVICE_FAMILY = "1,2";
				TEST_TARGET_NAME = Reciplease;
			};
			name = Release;
		};
/* End XCBuildConfiguration section */

/* Begin XCConfigurationList section */
		8B16411C24180D8D0040EF74 /* Build configuration list for PBXProject "Reciplease" */ = {
			isa = XCConfigurationList;
			buildConfigurations = (
				8B16414C24180D900040EF74 /* Debug */,
				8B16414D24180D900040EF74 /* Release */,
			);
			defaultConfigurationIsVisible = 0;
			defaultConfigurationName = Release;
		};
		8B16414E24180D900040EF74 /* Build configuration list for PBXNativeTarget "Reciplease" */ = {
			isa = XCConfigurationList;
			buildConfigurations = (
				8B16414F24180D900040EF74 /* Debug */,
				8B16415024180D900040EF74 /* Release */,
			);
			defaultConfigurationIsVisible = 0;
			defaultConfigurationName = Release;
		};
		8B16415124180D900040EF74 /* Build configuration list for PBXNativeTarget "RecipleaseTests" */ = {
			isa = XCConfigurationList;
			buildConfigurations = (
				8B16415224180D900040EF74 /* Debug */,
				8B16415324180D900040EF74 /* Release */,
			);
			defaultConfigurationIsVisible = 0;
			defaultConfigurationName = Release;
		};
		8B16415424180D900040EF74 /* Build configuration list for PBXNativeTarget "RecipleaseUITests" */ = {
			isa = XCConfigurationList;
			buildConfigurations = (
				8B16415524180D900040EF74 /* Debug */,
				8B16415624180D900040EF74 /* Release */,
			);
			defaultConfigurationIsVisible = 0;
			defaultConfigurationName = Release;
		};
/* End XCConfigurationList section */

/* Begin XCVersionGroup section */
		8B16412D24180D8D0040EF74 /* Reciplease.xcdatamodeld */ = {
			isa = XCVersionGroup;
			children = (
				8B16412E24180D8D0040EF74 /* Reciplease.xcdatamodel */,
			);
			currentVersion = 8B16412E24180D8D0040EF74 /* Reciplease.xcdatamodel */;
			path = Reciplease.xcdatamodeld;
			sourceTree = "<group>";
			versionGroupType = wrapper.xcdatamodel;
		};
/* End XCVersionGroup section */
	};
	rootObject = 8B16411924180D8D0040EF74 /* Project object */;
}
